
Microsoft Visual Studio Solution File, Format Version 12.00
# Visual Studio Version 17
VisualStudioVersion = 17.0.32014.148
MinimumVisualStudioVersion = 10.0.40219.1
Project("{FAE04EC0-301F-11D3-BF4B-00C04F79EFBC}") = "CMP1903M Workshop Code", "CMP1903M Workshop Code\CMP1903M Workshop Code.csproj", "{16C979C4-EFF0-4F2D-A63C-8E48C59F0B5E}"
EndProject
Global
	GlobalSection(SolutionConfigurationPlatforms) = preSolution
		Debug|Any CPU = Debug|Any CPU
		Release|Any CPU = Release|Any CPU
	EndGlobalSection
	GlobalSection(ProjectConfigurationPlatforms) = postSolution
		{16C979C4-EFF0-4F2D-A63C-8E48C59F0B5E}.Debug|Any CPU.ActiveCfg = Debug|Any CPU
		{16C979C4-EFF0-4F2D-A63C-8E48C59F0B5E}.Debug|Any CPU.Build.0 = Debug|Any CPU
		{16C979C4-EFF0-4F2D-A63C-8E48C59F0B5E}.Release|Any CPU.ActiveCfg = Release|Any CPU
		{16C979C4-EFF0-4F2D-A63C-8E48C59F0B5E}.Release|Any CPU.Build.0 = Release|Any CPU
	EndGlobalSection
	GlobalSection(SolutionProperties) = preSolution
		HideSolutionNode = FALSE
	EndGlobalSection
	GlobalSection(ExtensibilityGlobals) = postSolution
		SolutionGuid = {76A05749-2CF7-47BF-BDE0-E70871FAFDAD}
	EndGlobalSection
EndGlobal
